{
  "nodes": {
    "flake-compat": {
      "flake": false,
      "locked": {
        "lastModified": 1767039857,
        "narHash": "sha256-vNpUSpF5Nuw8xvDLj2KCwwksIbjua2LZCqhV1LNRDns=",
        "owner": "edolstra",
        "repo": "flake-compat",
        "rev": "5edf11c44bc78a0d334f6334cdaf7d60d732daab",
        "type": "github"
      },
      "original": {
        "owner": "edolstra",
        "repo": "flake-compat",
        "type": "github"
      }
    },
    "flake-utils": {
      "inputs": {
        "systems": "systems_2"
      },
      "locked": {
        "lastModified": 1681202837,
        "narHash": "sha256-H+Rh19JDwRtpVPAWp64F+rlEtxUWBAQW28eAi3SRSzg=",
        "owner": "numtide",
        "repo": "flake-utils",
        "rev": "cfacdce06f30d2b68473a46042957675eebb3401",
        "type": "github"
      },
      "original": {
        "owner": "numtide",
        "repo": "flake-utils",
        "type": "github"
      }
    },
    "gsd": {
      "flake": false,
      "locked": {
        "lastModified": 499162500,
        "narHash": "sha256-/0SYTqwEJZkArKagKMkvZIW1ZvZsnma5l3qVSjG7GvY=",
        "type": "tarball",
        "url": "https://registry.npmjs.org/get-shit-done-cc/-/get-shit-done-cc-1.34.2.tgz"
      },
      "original": {
        "type": "tarball",
        "url": "https://registry.npmjs.org/get-shit-done-cc/-/get-shit-done-cc-1.34.2.tgz"
      }
    },
    "hardware": {
      "locked": {
        "lastModified": 1775490113,
        "narHash": "sha256-2ZBhDNZZwYkRmefK5XLOusCJHnoeKkoN95hoSGgMxWM=",
        "owner": "nixos",
        "repo": "nixos-hardware",
        "rev": "c775c2772ba56e906cbeb4e0b2db19079ef11ff7",
        "type": "github"
      },
      "original": {
        "owner": "nixos",
        "repo": "nixos-hardware",
        "type": "github"
      }
    },
    "home-manager": {
      "inputs": {
        "nixpkgs": [
          "nixpkgs"
        ]
      },
      "locked": {
        "lastModified": 1776454077,
        "narHash": "sha256-7zSUFWsU0+jlD7WB3YAxQ84Z/iJurA5hKPm8EfEyGJk=",
        "owner": "nix-community",
        "repo": "home-manager",
        "rev": "565e5349208fe7d0831ef959103c9bafbeac0681",
        "type": "github"
      },
      "original": {
        "owner": "nix-community",
        "repo": "home-manager",
        "type": "github"
      }
    },
    "home-manager-stable": {
      "inputs": {
        "nixpkgs": [
          "nixpkgs-stable"
        ]
      },
      "locked": {
        "lastModified": 1775425411,
        "narHash": "sha256-KY6HsebJHEe5nHOWP7ur09mb0drGxYSzE3rQxy62rJo=",
        "owner": "nix-community",
        "repo": "home-manager",
        "rev": "0d02ec1d0a05f88ef9e74b516842900c41f0f2fe",
        "type": "github"
      },
      "original": {
        "owner": "nix-community",
        "ref": "release-25.11",
        "repo": "home-manager",
        "type": "github"
      }
    },
    "local-rag": {
      "flake": false,
      "locked": {
        "lastModified": 1772721959,
        "narHash": "sha256-xjPWpd6kNBSs0FeD3dNeexKW1H2HjCanaPCqIZVVeYo=",
        "owner": "13W",
        "repo": "local-rag",
        "rev": "fb04f9191a24dec7a5d0d53431a6ef05732355d9",
        "type": "github"
      },
      "original": {
        "owner": "13W",
        "repo": "local-rag",
        "rev": "fb04f9191a24dec7a5d0d53431a6ef05732355d9",
        "type": "github"
      }
    },
    "nix-darwin": {
      "inputs": {
        "nixpkgs": [
          "nixpkgs"
        ]
      },
      "locked": {
        "lastModified": 1775037210,
        "narHash": "sha256-KM2WYj6EA7M/FVZVCl3rqWY+TFV5QzSyyGE2gQxeODU=",
        "owner": "LnL7",
        "repo": "nix-darwin",
        "rev": "06648f4902343228ce2de79f291dd5a58ee12146",
        "type": "github"
      },
      "original": {
        "owner": "LnL7",
        "repo": "nix-darwin",
        "type": "github"
      }
    },
    "nix-index-database": {
      "inputs": {
        "nixpkgs": [
          "nixpkgs"
        ]
      },
      "locked": {
        "lastModified": 1775970782,
        "narHash": "sha256-7jt9Vpm48Yy5yAWigYpde+HxtYEpEuyzIQJF4VYehhk=",
        "owner": "nix-community",
        "repo": "nix-index-database",
        "rev": "bedba5989b04614fc598af9633033b95a937933f",
        "type": "github"
      },
      "original": {
        "owner": "nix-community",
        "repo": "nix-index-database",
        "type": "github"
      }
    },
    "nixos-wsl": {
      "inputs": {
        "flake-compat": "flake-compat",
        "nixpkgs": "nixpkgs"
      },
      "locked": {
        "lastModified": 1776255237,
        "narHash": "sha256-LQjlc0VEn55WAT4BiI8sIsokb/2FNlcbBD+Xr3MTE24=",
        "owner": "nix-community",
        "repo": "NixOS-WSL",
        "rev": "9a8c2a85f1ffdcecfb0f9c52c5a73c49ceb43911",
        "type": "github"
      },
      "original": {
        "owner": "nix-community",
        "ref": "main",
        "repo": "NixOS-WSL",
        "type": "github"
      }
    },
    "nixpkgs": {
      "locked": {
        "lastModified": 1773734432,
        "narHash": "sha256-IF5ppUWh6gHGHYDbtVUyhwy/i7D261P7fWD1bPefOsw=",
        "owner": "NixOS",
        "repo": "nixpkgs",
        "rev": "cda48547b432e8d3b18b4180ba07473762ec8558",
        "type": "github"
      },
      "original": {
        "owner": "NixOS",
        "ref": "nixos-unstable",
        "repo": "nixpkgs",
        "type": "github"
      }
    },
    "nixpkgs-stable": {
      "locked": {
        "lastModified": 1776221942,
        "narHash": "sha256-FbQAeVNi7G4v3QCSThrSAAvzQTmrmyDLiHNPvTF2qFM=",
        "owner": "nixos",
        "repo": "nixpkgs",
        "rev": "1766437c5509f444c1b15331e82b8b6a9b967000",
        "type": "github"
      },
      "original": {
        "owner": "nixos",
        "ref": "nixos-25.11",
        "repo": "nixpkgs",
        "type": "github"
      }
    },
    "nixpkgs_2": {
      "locked": {
        "lastModified": 1776169885,
        "narHash": "sha256-l/iNYDZ4bGOAFQY2q8y5OAfBBtrDAaPuRQqWaFHVRXM=",
        "owner": "NixOS",
        "repo": "nixpkgs",
        "rev": "4bd9165a9165d7b5e33ae57f3eecbcb28fb231c9",
        "type": "github"
      },
      "original": {
        "owner": "NixOS",
        "ref": "nixos-unstable",
        "repo": "nixpkgs",
        "type": "github"
      }
    },
    "nixpkgs_3": {
      "locked": {
        "lastModified": 1682134069,
        "narHash": "sha256-TnI/ZXSmRxQDt2sjRYK/8j8iha4B4zP2cnQCZZ3vp7k=",
        "owner": "NixOS",
        "repo": "nixpkgs",
        "rev": "fd901ef4bf93499374c5af385b2943f5801c0833",
        "type": "github"
      },
      "original": {
        "id": "nixpkgs",
        "type": "indirect"
      }
    },
    "opencode-anthropic-auth": {
      "flake": false,
      "locked": {
        "lastModified": 1776211644,
        "narHash": "sha256-r9t926vzXj4R85KK+bKmreZC/75fnn1+VSs3GRl844Q=",
        "owner": "ex-machina-co",
        "repo": "opencode-anthropic-auth",
        "rev": "7e601c3979c8ad5eec7e4e7370336bf3fb5ed9d5",
        "type": "github"
      },
      "original": {
        "owner": "ex-machina-co",
        "ref": "v1.7.0",
        "repo": "opencode-anthropic-auth",
        "type": "github"
      }
    },
    "root": {
      "inputs": {
        "gsd": "gsd",
        "hardware": "hardware",
        "home-manager": "home-manager",
        "home-manager-stable": "home-manager-stable",
        "local-rag": "local-rag",
        "nix-darwin": "nix-darwin",
        "nix-index-database": "nix-index-database",
        "nixos-wsl": "nixos-wsl",
        "nixpkgs": "nixpkgs_2",
        "nixpkgs-stable": "nixpkgs-stable",
        "opencode-anthropic-auth": "opencode-anthropic-auth",
        "sops-nix": "sops-nix",
        "systems": "systems",
        "vscode-server": "vscode-server"
      }
    },
    "sops-nix": {
      "inputs": {
        "nixpkgs": [
          "nixpkgs"
        ]
      },
      "locked": {
        "lastModified": 1776119890,
        "narHash": "sha256-Zm6bxLNnEOYuS/SzrAGsYuXSwk3cbkRQZY0fJnk8a5M=",
        "owner": "Mic92",
        "repo": "sops-nix",
        "rev": "d4971dd58c6627bfee52a1ad4237637c0a2fb0cd",
        "type": "github"
      },
      "original": {
        "owner": "Mic92",
        "repo": "sops-nix",
        "type": "github"
      }
    },
    "systems": {
      "locked": {
        "lastModified": 1681028828,
        "narHash": "sha256-Vy1rq5AaRuLzOxct8nz4T6wlgyUR7zLU309k9mBC768=",
        "owner": "nix-systems",
        "repo": "default",
        "rev": "da67096a3b9bf56a91d16901293e51ba5b49a27e",
        "type": "github"
      },
      "original": {
        "owner": "nix-systems",
        "repo": "default",
        "type": "github"
      }
    },
    "systems_2": {
      "locked": {
        "lastModified": 1681028828,
        "narHash": "sha256-Vy1rq5AaRuLzOxct8nz4T6wlgyUR7zLU309k9mBC768=",
        "owner": "nix-systems",
        "repo": "default",
        "rev": "da67096a3b9bf56a91d16901293e51ba5b49a27e",
        "type": "github"
      },
      "original": {
        "owner": "nix-systems",
        "repo": "default",
        "type": "github"
      }
    },
    "vscode-server": {
      "inputs": {
        "flake-utils": "flake-utils",
        "nixpkgs": "nixpkgs_3"
      },
      "locked": {
        "lastModified": 1770124655,
        "narHash": "sha256-yHmd2B13EtBUPLJ+x0EaBwNkQr9LTne1arLVxT6hSnY=",
        "owner": "nix-community",
        "repo": "nixos-vscode-server",
        "rev": "92ce71c3ba5a94f854e02d57b14af4997ab54ef0",
        "type": "github"
      },
      "original": {
        "owner": "nix-community",
        "repo": "nixos-vscode-server",
        "type": "github"
      }
    }
  },
  "root": "root",
  "version": 7
}
